
Microsoft Visual Studio Solution File, Format Version 12.00
# Visual Studio 15
VisualStudioVersion = 15.0.27703.2026
MinimumVisualStudioVersion = 10.0.40219.1
Project("{FAE04EC0-301F-11D3-BF4B-00C04F79EFBC}") = "Lab29", "Lab29\Lab29.csproj", "{5EC8E3BA-96DA-4409-BAB6-FE38E594994C}"
EndProject
Global
	GlobalSection(SolutionConfigurationPlatforms) = preSolution
		Debug|Any CPU = Debug|Any CPU
		Release|Any CPU = Release|Any CPU
	EndGlobalSection
	GlobalSection(ProjectConfigurationPlatforms) = postSolution
		{5EC8E3BA-96DA-4409-BAB6-FE38E594994C}.Debug|Any CPU.ActiveCfg = Debug|Any CPU
		{5EC8E3BA-96DA-4409-BAB6-FE38E594994C}.Debug|Any CPU.Build.0 = Debug|Any CPU
		{5EC8E3BA-96DA-4409-BAB6-FE38E594994C}.Release|Any CPU.ActiveCfg = Release|Any CPU
		{5EC8E3BA-96DA-4409-BAB6-FE38E594994C}.Release|Any CPU.Build.0 = Release|Any CPU
	EndGlobalSection
	GlobalSection(SolutionProperties) = preSolution
		HideSolutionNode = FALSE
	EndGlobalSection
	GlobalSection(ExtensibilityGlobals) = postSolution
		SolutionGuid = {3ED1CE10-5150-4B7A-A24E-931A9CBD65F1}
	EndGlobalSection
EndGlobal
